
Microsoft Visual Studio Solution File, Format Version 12.00
# Visual Studio Version 17
VisualStudioVersion = 17.10.35027.167
MinimumVisualStudioVersion = 10.0.40219.1
Project("{FAE04EC0-301F-11D3-BF4B-00C04F79EFBC}") = "CrudApi", "CrudApi\CrudApi.csproj", "{D262F5D5-91F7-44CC-991D-5D7BEB2D02AF}"
EndProject
Global
	GlobalSection(SolutionConfigurationPlatforms) = preSolution
		Debug|Any CPU = Debug|Any CPU
		Release|Any CPU = Release|Any CPU
	EndGlobalSection
	GlobalSection(ProjectConfigurationPlatforms) = postSolution
		{D262F5D5-91F7-44CC-991D-5D7BEB2D02AF}.Debug|Any CPU.ActiveCfg = Debug|Any CPU
		{D262F5D5-91F7-44CC-991D-5D7BEB2D02AF}.Debug|Any CPU.Build.0 = Debug|Any CPU
		{D262F5D5-91F7-44CC-991D-5D7BEB2D02AF}.Release|Any CPU.ActiveCfg = Release|Any CPU
		{D262F5D5-91F7-44CC-991D-5D7BEB2D02AF}.Release|Any CPU.Build.0 = Release|Any CPU
	EndGlobalSection
	GlobalSection(SolutionProperties) = preSolution
		HideSolutionNode = FALSE
	EndGlobalSection
	GlobalSection(ExtensibilityGlobals) = postSolution
		SolutionGuid = {04593F86-659A-4AC9-9D47-3B8AF42C3120}
	EndGlobalSection
EndGlobal
